{
  "name": "yuanyuzhou",
  "lockfileVersion": 3,
  "requires": true,
  "packages": {
    "": {
      "dependencies": {
        "chart.js": "^4.4.9",
        "crypto-js": "^4.2.0",
        "jsencrypt": "^3.3.2",
        "pako": "^2.1.0"
      }
    },
    "node_modules/@kurkle/color": {
      "version": "0.3.4",
      "resolved": "https://registry.npmjs.org/@kurkle/color/-/color-0.3.4.tgz",
      "integrity": "sha512-M5UknZPHRu3DEDWoipU6sE8PdkZ6Z/S+v4dD+Ke8IaNlpdSQah50lz1KtcFBa2vsdOnwbbnxJwVM4wty6udA5w==",
      "license": "MIT"
    },
    "node_modules/chart.js": {
      "version": "4.4.9",
      "resolved": "https://registry.npmjs.org/chart.js/-/chart.js-4.4.9.tgz",
      "integrity": "sha512-EyZ9wWKgpAU0fLJ43YAEIF8sr5F2W3LqbS40ZJyHIner2lY14ufqv2VMp69MAiZ2rpwxEUxEhIH/0U3xyRynxg==",
      "license": "MIT",
      "dependencies": {
        "@kurkle/color": "^0.3.0"
      },
      "engines": {
        "pnpm": ">=8"
      }
    },
    "node_modules/crypto-js": {
      "version": "4.2.0",
      "resolved": "https://registry.npmjs.org/crypto-js/-/crypto-js-4.2.0.tgz",
      "integrity": "sha512-KALDyEYgpY+Rlob/iriUtjV6d5Eq+Y191A5g4UqLAi8CyGP9N1+FdVbkc1SxKc2r4YAYqG8JzO2KGL+AizD70Q==",
      "license": "MIT"
    },
    "node_modules/jsencrypt": {
      "version": "3.3.2",
      "resolved": "https://registry.npmjs.org/jsencrypt/-/jsencrypt-3.3.2.tgz",
      "integrity": "sha512-arQR1R1ESGdAxY7ZheWr12wCaF2yF47v5qpB76TtV64H1pyGudk9Hvw8Y9tb/FiTIaaTRUyaSnm5T/Y53Ghm/A==",
      "license": "MIT"
    },
    "node_modules/pako": {
      "version": "2.1.0",
      "resolved": "https://registry.npmjs.org/pako/-/pako-2.1.0.tgz",
      "integrity": "sha512-w+eufiZ1WuJYgPXbV/PO3NCMEc3xqylkKHzp8bxp1uW4qaSNQUkwmLLEc3kKsfz8lpV1F8Ht3U1Cm+9Srog2ug==",
      "license": "(MIT AND Zlib)"
    }
  }
}
